github.com/gethugothemes/hugo-modules/components/cookie-consent v0.0.0-20241123034247-ea3817d07c63 h1:uJD2X5l4cudRq/YfOoL4RmursnQYCIHOlUYeNIPSlwc=
github.com/gethugothemes/hugo-modules/components/cookie-consent v0.0.0-20241123034247-ea3817d07c63/go.mod h1:511ERLpGe3ZTfV2z/NAtUSR5NqKF26h9z5lU/zYV4YQ=
github.com/gethugothemes/hugo-modules/components/custom-script v0.0.0-20241123034247-ea3817d07c63 h1:6dXkxjnsswTdcdp83ysLrV3WaUNx0fFdY1eFsXkskHw=
github.com/gethugothemes/hugo-modules/components/custom-script v0.0.0-20241123034247-ea3817d07c63/go.mod h1:RuDHq4WnK8sNEzAIJr4BZQ7oXhzcct/EKaAxc2Xvi9E=
github.com/gethugothemes/hugo-modules/components/preloader v0.0.0-20241123034247-ea3817d07c63 h1:1STB61TFnuxkkqDFung+K81ch3sdX4YyI0o0H6sgznE=
github.com/gethugothemes/hugo-modules/components/preloader v0.0.0-20241123034247-ea3817d07c63/go.mod h1:FP0iQ3tMOesuWFZhLst2KEvUEYPb5Jk1GW+QBP9lrwg=
github.com/gethugothemes/hugo-modules/components/render-link v0.0.0-20241123034247-ea3817d07c63 h1:+g9mOjyATkbLUJbSanFxuK+Axe/CzAtmCThnTJHUsbQ=
github.com/gethugothemes/hugo-modules/components/render-link v0.0.0-20241123034247-ea3817d07c63/go.mod h1:z3YcIeEBUonAoRDY1/Jv1ojNVkZ5ud35a0Nn8L4Inx0=
github.com/gethugothemes/hugo-modules/gallery-slider v0.0.0-20241123034247-ea3817d07c63 h1:vjHmQag0q4TR+4Q32zG1LuJ9vK9ubGvoGtD+57xBD8E=
github.com/gethugothemes/hugo-modules/gallery-slider v0.0.0-20241123034247-ea3817d07c63/go.mod h1:MvQ2js/ofZ22CTX5wuvE+dC0rMe6C5HAWL2fEOu/yzE=
github.com/gethugothemes/hugo-modules/images v0.0.0-20241123034247-ea3817d07c63 h1:dNANdjCRtjrzvapq/57gMvyKlaYeenrLPMI52eiHrSw=
github.com/gethugothemes/hugo-modules/images v0.0.0-20241123034247-ea3817d07c63/go.mod h1:FKliP3qOW9diIcQeLtyZ0Hdhg3PL8bdAkC/6O+XtU90=
github.com/gethugothemes/hugo-modules/pwa v0.0.0-20241123034247-ea3817d07c63 h1:5BAMeMZXpFXsfn9HNuqdoP4ngJp6qxEkvLlqgk4OLPo=
github.com/gethugothemes/hugo-modules/pwa v0.0.0-20241123034247-ea3817d07c63/go.mod h1:TRv7iszdfo37O1PbBEE+S8X/enAdpRIxK5DGrp13Qbo=
github.com/gethugothemes/hugo-modules/search v0.0.0-20241123034247-ea3817d07c63 h1:WRD8AHQsPp8MoXh0vSq7Sa0NvRm0E6UF77UA2DASXU0=
github.com/gethugothemes/hugo-modules/search v0.0.0-20241123034247-ea3817d07c63/go.mod h1:tmDvLaZCM+QDvS/WLZXNjY1QTdWh7/68D2wIToECbyA=
github.com/gethugothemes/hugo-modules/shortcodes/collapse v0.0.0-20241123034247-ea3817d07c63 h1:Nu7Ie6R9LDcW3jj5mlxqR89ujH3Xd5Dgrx6kbb48p7g=
github.com/gethugothemes/hugo-modules/shortcodes/collapse v0.0.0-20241123034247-ea3817d07c63/go.mod h1:rBCFuR+QzMk0S1npR0zVDzgocFncOmyxWToJlRw4ZxU=
github.com/gethugothemes/hugo-modules/shortcodes/notice v0.0.0-20241123034247-ea3817d07c63 h1:EwQYPiaUVIDbyOxQ183x0aKnX7kWQEZ3lXY8irv2Ttg=
github.com/gethugothemes/hugo-modules/shortcodes/notice v0.0.0-20241123034247-ea3817d07c63/go.mod h1:ljWyMJx82WA+6SlKjbGFhEdxcriyvUTCjXkJHDa4lho=
github.com/gethugothemes/hugo-modules/shortcodes/tabs v0.0.0-20241123034247-ea3817d07c63 h1:Ltobyi3rJZq8HAgQASdmJrYCGgnz8EbYahRPQAgip5M=
github.com/gethugothemes/hugo-modules/shortcodes/tabs v0.0.0-20241123034247-ea3817d07c63/go.mod h1:zaQhvQgsSOWfSm/zP3NbWWEfrxgrcdpBblljz2IA2vA=
github.com/gethugothemes/hugo-modules/videos v0.0.0-20241123034247-ea3817d07c63 h1:0o06+h0EniORfg/w7kb5aU0DAdFCyAAYRD5/ioBE87o=
github.com/gethugothemes/hugo-modules/videos v0.0.0-20241123034247-ea3817d07c63/go.mod h1:P722lLWdnNhdZVq6gvMrOLqECUwrAYQWaOWlChta5H0=
github.com/gohugoio/hugo-mod-bootstrap-scss/v5 v5.20300.20200 h1:SmpwwN3DNzJWbV+IT8gaFu07ENUFpCvKou5BHYUKuVs=
github.com/gohugoio/hugo-mod-bootstrap-scss/v5 v5.20300.20200/go.mod h1:kx8MBj9T7SFR8ZClWvKZPmmUxBaltkoXvnWlZZcSnYA=
github.com/gohugoio/hugo-mod-jslibs-dist/popperjs/v2 v2.21100.20000/go.mod h1:mFberT6ZtcchrsDtfvJM7aAH2bDKLdOnruUHl0hlapI=
github.com/twbs/bootstrap v5.3.2+incompatible/go.mod h1:fZTSrkpSf0/HkL0IIJzvVspTt1r9zuf7XlZau8kpcY0=
